// !$*UTF8*$!
{
	archiveVersion = 1;
	classes = {
	};
	objectVersion = 46;
	objects = {

/* Begin PBXBuildFile section */
		721ABFB61A8E26440075377F /* PosCameraViewController.m in Sources */ = {isa = PBXBuildFile; fileRef = 721ABFB51A8E26440075377F /* PosCameraViewController.m */; };
		722F36771A9658D900B4B826 /* FotosViewController.m in Sources */ = {isa = PBXBuildFile; fileRef = 722F36761A9658D900B4B826 /* FotosViewController.m */; };
		72376EE41B893FDF00DCC223 /* AssuntoVC.swift in Sources */ = {isa = PBXBuildFile; fileRef = 72376EE31B893FDF00DCC223 /* AssuntoVC.swift */; };
		723866881AB8AFFB00978D57 /* GoogleMobileAds.framework in Frameworks */ = {isa = PBXBuildFile; fileRef = 723866871AB8AFFB00978D57 /* GoogleMobileAds.framework */; };
		7238668A1AB8BB2A00978D57 /* AdSupport.framework in Frameworks */ = {isa = PBXBuildFile; fileRef = 723866891AB8BB2A00978D57 /* AdSupport.framework */; };
		7238668C1AB8BB3300978D57 /* AudioToolbox.framework in Frameworks */ = {isa = PBXBuildFile; fileRef = 7238668B1AB8BB3300978D57 /* AudioToolbox.framework */; };
		7238668E1AB8BB3E00978D57 /* AVFoundation.framework in Frameworks */ = {isa = PBXBuildFile; fileRef = 7238668D1AB8BB3E00978D57 /* AVFoundation.framework */; };
		723866901AB8BB5700978D57 /* CoreGraphics.framework in Frameworks */ = {isa = PBXBuildFile; fileRef = 7238668F1AB8BB5700978D57 /* CoreGraphics.framework */; };
		723866921AB8BB6500978D57 /* MessageUI.framework in Frameworks */ = {isa = PBXBuildFile; fileRef = 723866911AB8BB6500978D57 /* MessageUI.framework */; };
		723866941AB8BB6F00978D57 /* StoreKit.framework in Frameworks */ = {isa = PBXBuildFile; fileRef = 723866931AB8BB6F00978D57 /* StoreKit.framework */; };
		723866961AB8BB8200978D57 /* SystemConfiguration.framework in Frameworks */ = {isa = PBXBuildFile; fileRef = 723866951AB8BB8200978D57 /* SystemConfiguration.framework */; };
		725B42AE1AB1CFDC006212BB /* FMDatabase+FTS3.m in Sources */ = {isa = PBXBuildFile; fileRef = 725B42A41AB1CFDC006212BB /* FMDatabase+FTS3.m */; };
		725B42AF1AB1CFDC006212BB /* FMTokenizers.m in Sources */ = {isa = PBXBuildFile; fileRef = 725B42A61AB1CFDC006212BB /* FMTokenizers.m */; };
		725B42B01AB1CFDC006212BB /* FMDatabase+InMemoryOnDiskIO.m in Sources */ = {isa = PBXBuildFile; fileRef = 725B42AA1AB1CFDC006212BB /* FMDatabase+InMemoryOnDiskIO.m */; };
		725B42BF1AB1CFEE006212BB /* FMDatabase.m in Sources */ = {isa = PBXBuildFile; fileRef = 725B42B51AB1CFEE006212BB /* FMDatabase.m */; };
		725B42C01AB1CFEE006212BB /* FMDatabaseAdditions.m in Sources */ = {isa = PBXBuildFile; fileRef = 725B42B71AB1CFEE006212BB /* FMDatabaseAdditions.m */; };
		725B42C11AB1CFEE006212BB /* FMDatabasePool.m in Sources */ = {isa = PBXBuildFile; fileRef = 725B42B91AB1CFEE006212BB /* FMDatabasePool.m */; };
		725B42C21AB1CFEE006212BB /* FMDatabaseQueue.m in Sources */ = {isa = PBXBuildFile; fileRef = 725B42BB1AB1CFEE006212BB /* FMDatabaseQueue.m */; };
		725B42C31AB1CFEE006212BB /* FMResultSet.m in Sources */ = {isa = PBXBuildFile; fileRef = 725B42BE1AB1CFEE006212BB /* FMResultSet.m */; };
		725B42C71AB1D138006212BB /* Managerdb.m in Sources */ = {isa = PBXBuildFile; fileRef = 725B42C61AB1D138006212BB /* Managerdb.m */; };
		725F15691A8D10BD00BD7E26 /* AssuntoViewController.m in Sources */ = {isa = PBXBuildFile; fileRef = 725F15681A8D10BD00BD7E26 /* AssuntoViewController.m */; };
		72766CF81A8BF2CA0064862F /* main.m in Sources */ = {isa = PBXBuildFile; fileRef = 72766CF71A8BF2CA0064862F /* main.m */; };
		72766CFB1A8BF2CA0064862F /* AppDelegate.m in Sources */ = {isa = PBXBuildFile; fileRef = 72766CFA1A8BF2CA0064862F /* AppDelegate.m */; };
		72766CFE1A8BF2CA0064862F /* Quadro.xcdatamodeld in Sources */ = {isa = PBXBuildFile; fileRef = 72766CFC1A8BF2CA0064862F /* Quadro.xcdatamodeld */; };
		72766D041A8BF2CA0064862F /* Main.storyboard in Resources */ = {isa = PBXBuildFile; fileRef = 72766D021A8BF2CA0064862F /* Main.storyboard */; };
		72766D061A8BF2CA0064862F /* Images.xcassets in Resources */ = {isa = PBXBuildFile; fileRef = 72766D051A8BF2CA0064862F /* Images.xcassets */; };
		72766D091A8BF2CA0064862F /* LaunchScreen.xib in Resources */ = {isa = PBXBuildFile; fileRef = 72766D071A8BF2CA0064862F /* LaunchScreen.xib */; };
		72766D151A8BF2CA0064862F /* QuadroTests.m in Sources */ = {isa = PBXBuildFile; fileRef = 72766D141A8BF2CA0064862F /* QuadroTests.m */; };
		72797B811ADFF96C006807F4 /* CoreData.framework in Frameworks */ = {isa = PBXBuildFile; fileRef = 72797B801ADFF96C006807F4 /* CoreData.framework */; };
		72797B911ADFFD26006807F4 /* libz.dylib in Frameworks */ = {isa = PBXBuildFile; fileRef = 72797B901ADFFD26006807F4 /* libz.dylib */; };
		72797B951ADFFF04006807F4 /* libGoogleAnalyticsServices.a in Frameworks */ = {isa = PBXBuildFile; fileRef = 72797B941ADFFF04006807F4 /* libGoogleAnalyticsServices.a */; };
		727B20521A9CFCA0005BA527 /* CustomCameraViewController.m in Sources */ = {isa = PBXBuildFile; fileRef = 727B20511A9CFCA0005BA527 /* CustomCameraViewController.m */; };
		7282062C1ABB56B000E99E3C /* ZoomImageViewController.m in Sources */ = {isa = PBXBuildFile; fileRef = 7282062B1ABB56B000E99E3C /* ZoomImageViewController.m */; };
		72838CF41AEA919C00BA07A0 /* Localizable.strings in Resources */ = {isa = PBXBuildFile; fileRef = 72838CF61AEA919C00BA07A0 /* Localizable.strings */; };
		7294A0FB1AFF904C0000ED10 /* SWRevealViewController.m in Sources */ = {isa = PBXBuildFile; fileRef = 7294A0FA1AFF904C0000ED10 /* SWRevealViewController.m */; };
		72A432A01B1C12F300FEEC8B /* Materia.swift in Sources */ = {isa = PBXBuildFile; fileRef = 72A4329F1B1C12F300FEEC8B /* Materia.swift */; };
		72A432A21B1E6BE200FEEC8B /* Assunto.swift in Sources */ = {isa = PBXBuildFile; fileRef = 72A432A11B1E6BE200FEEC8B /* Assunto.swift */; };
		72A432A41B1E84B000FEEC8B /* FotoComAnotacao.swift in Sources */ = {isa = PBXBuildFile; fileRef = 72A432A31B1E84B000FEEC8B /* FotoComAnotacao.swift */; };
		72A9BB6F1AA7485600899E2F /* libsqlite3.dylib in Frameworks */ = {isa = PBXBuildFile; fileRef = 72A9BB6D1AA7475800899E2F /* libsqlite3.dylib */; };
		72DD9C651AE5B253004A86F2 /* OpenSans-Semibold.ttf in Resources */ = {isa = PBXBuildFile; fileRef = 72DD9C641AE5B253004A86F2 /* OpenSans-Semibold.ttf */; };
		72DD9C671AE5B283004A86F2 /* OpenSans-Light.ttf in Resources */ = {isa = PBXBuildFile; fileRef = 72DD9C661AE5B283004A86F2 /* OpenSans-Light.ttf */; };
		72DD9C691AE5B2EE004A86F2 /* axis.otf in Resources */ = {isa = PBXBuildFile; fileRef = 72DD9C681AE5B2EE004A86F2 /* axis.otf */; };
		72F26D951B01935300B14D4A /* AssuntoCell.swift in Sources */ = {isa = PBXBuildFile; fileRef = 72F26D941B01935300B14D4A /* AssuntoCell.swift */; };
		72F26D971B019EC700B14D4A /* FotosCell.swift in Sources */ = {isa = PBXBuildFile; fileRef = 72F26D961B019EC700B14D4A /* FotosCell.swift */; };
		72F26D991B01A16800B14D4A /* PosCell.swift in Sources */ = {isa = PBXBuildFile; fileRef = 72F26D981B01A16800B14D4A /* PosCell.swift */; };
		72F26D9B1B01A49900B14D4A /* MateriaVC.swift in Sources */ = {isa = PBXBuildFile; fileRef = 72F26D9A1B01A49900B14D4A /* MateriaVC.swift */; };
/* End PBXBuildFile section */

/* Begin PBXContainerItemProxy section */
		72766D0F1A8BF2CA0064862F /* PBXContainerItemProxy */ = {
			isa = PBXContainerItemProxy;
			containerPortal = 72766CEA1A8BF2CA0064862F /* Project object */;
			proxyType = 1;
			remoteGlobalIDString = 72766CF11A8BF2CA0064862F;
			remoteInfo = Quadro;
		};
/* End PBXContainerItemProxy section */

/* Begin PBXFileReference section */
		721ABFB41A8E263A0075377F /* PosCameraViewController.h */ = {isa = PBXFileReference; lastKnownFileType = sourcecode.c.h; path = PosCameraViewController.h; sourceTree = "<group>"; };
		721ABFB51A8E26440075377F /* PosCameraViewController.m */ = {isa = PBXFileReference; fileEncoding = 4; lastKnownFileType = sourcecode.c.objc; path = PosCameraViewController.m; sourceTree = "<group>"; };
		722F36751A9658D900B4B826 /* FotosViewController.h */ = {isa = PBXFileReference; fileEncoding = 4; lastKnownFileType = sourcecode.c.h; path = FotosViewController.h; sourceTree = "<group>"; };
		722F36761A9658D900B4B826 /* FotosViewController.m */ = {isa = PBXFileReference; fileEncoding = 4; lastKnownFileType = sourcecode.c.objc; path = FotosViewController.m; sourceTree = "<group>"; };
		72376EE31B893FDF00DCC223 /* AssuntoVC.swift */ = {isa = PBXFileReference; fileEncoding = 4; lastKnownFileType = sourcecode.swift; path = AssuntoVC.swift; sourceTree = "<group>"; };
		723866871AB8AFFB00978D57 /* GoogleMobileAds.framework */ = {isa = PBXFileReference; lastKnownFileType = wrapper.framework; path = GoogleMobileAds.framework; sourceTree = "<group>"; };
		723866891AB8BB2A00978D57 /* AdSupport.framework */ = {isa = PBXFileReference; lastKnownFileType = wrapper.framework; name = AdSupport.framework; path = System/Library/Frameworks/AdSupport.framework; sourceTree = SDKROOT; };
		7238668B1AB8BB3300978D57 /* AudioToolbox.framework */ = {isa = PBXFileReference; lastKnownFileType = wrapper.framework; name = AudioToolbox.framework; path = System/Library/Frameworks/AudioToolbox.framework; sourceTree = SDKROOT; };
		7238668D1AB8BB3E00978D57 /* AVFoundation.framework */ = {isa = PBXFileReference; lastKnownFileType = wrapper.framework; name = AVFoundation.framework; path = System/Library/Frameworks/AVFoundation.framework; sourceTree = SDKROOT; };
		7238668F1AB8BB5700978D57 /* CoreGraphics.framework */ = {isa = PBXFileReference; lastKnownFileType = wrapper.framework; name = CoreGraphics.framework; path = System/Library/Frameworks/CoreGraphics.framework; sourceTree = SDKROOT; };
		723866911AB8BB6500978D57 /* MessageUI.framework */ = {isa = PBXFileReference; lastKnownFileType = wrapper.framework; name = MessageUI.framework; path = System/Library/Frameworks/MessageUI.framework; sourceTree = SDKROOT; };
		723866931AB8BB6F00978D57 /* StoreKit.framework */ = {isa = PBXFileReference; lastKnownFileType = wrapper.framework; name = StoreKit.framework; path = System/Library/Frameworks/StoreKit.framework; sourceTree = SDKROOT; };
		723866951AB8BB8200978D57 /* SystemConfiguration.framework */ = {isa = PBXFileReference; lastKnownFileType = wrapper.framework; name = SystemConfiguration.framework; path = System/Library/Frameworks/SystemConfiguration.framework; sourceTree = SDKROOT; };
		725B42A31AB1CFDC006212BB /* FMDatabase+FTS3.h */ = {isa = PBXFileReference; fileEncoding = 4; lastKnownFileType = sourcecode.c.h; path = "FMDatabase+FTS3.h"; sourceTree = "<group>"; };
		725B42A41AB1CFDC006212BB /* FMDatabase+FTS3.m */ = {isa = PBXFileReference; fileEncoding = 4; lastKnownFileType = sourcecode.c.objc; path = "FMDatabase+FTS3.m"; sourceTree = "<group>"; };
		725B42A51AB1CFDC006212BB /* FMTokenizers.h */ = {isa = PBXFileReference; fileEncoding = 4; lastKnownFileType = sourcecode.c.h; path = FMTokenizers.h; sourceTree = "<group>"; };
		725B42A61AB1CFDC006212BB /* FMTokenizers.m */ = {isa = PBXFileReference; fileEncoding = 4; lastKnownFileType = sourcecode.c.objc; path = FMTokenizers.m; sourceTree = "<group>"; };
		725B42A71AB1CFDC006212BB /* fts3_tokenizer.h */ = {isa = PBXFileReference; fileEncoding = 4; lastKnownFileType = sourcecode.c.h; path = fts3_tokenizer.h; sourceTree = "<group>"; };
		725B42A91AB1CFDC006212BB /* FMDatabase+InMemoryOnDiskIO.h */ = {isa = PBXFileReference; fileEncoding = 4; lastKnownFileType = sourcecode.c.h; path = "FMDatabase+InMemoryOnDiskIO.h"; sourceTree = "<group>"; };
		725B42AA1AB1CFDC006212BB /* FMDatabase+InMemoryOnDiskIO.m */ = {isa = PBXFileReference; fileEncoding = 4; lastKnownFileType = sourcecode.c.objc; path = "FMDatabase+InMemoryOnDiskIO.m"; sourceTree = "<group>"; };
		725B42B41AB1CFEE006212BB /* FMDatabase.h */ = {isa = PBXFileReference; fileEncoding = 4; lastKnownFileType = sourcecode.c.h; path = FMDatabase.h; sourceTree = "<group>"; };
		725B42B51AB1CFEE006212BB /* FMDatabase.m */ = {isa = PBXFileReference; fileEncoding = 4; lastKnownFileType = sourcecode.c.objc; path = FMDatabase.m; sourceTree = "<group>"; };
		725B42B61AB1CFEE006212BB /* FMDatabaseAdditions.h */ = {isa = PBXFileReference; fileEncoding = 4; lastKnownFileType = sourcecode.c.h; path = FMDatabaseAdditions.h; sourceTree = "<group>"; };
		725B42B71AB1CFEE006212BB /* FMDatabaseAdditions.m */ = {isa = PBXFileReference; fileEncoding = 4; lastKnownFileType = sourcecode.c.objc; path = FMDatabaseAdditions.m; sourceTree = "<group>"; };
		725B42B81AB1CFEE006212BB /* FMDatabasePool.h */ = {isa = PBXFileReference; fileEncoding = 4; lastKnownFileType = sourcecode.c.h; path = FMDatabasePool.h; sourceTree = "<group>"; };
		725B42B91AB1CFEE006212BB /* FMDatabasePool.m */ = {isa = PBXFileReference; fileEncoding = 4; lastKnownFileType = sourcecode.c.objc; path = FMDatabasePool.m; sourceTree = "<group>"; };
		725B42BA1AB1CFEE006212BB /* FMDatabaseQueue.h */ = {isa = PBXFileReference; fileEncoding = 4; lastKnownFileType = sourcecode.c.h; path = FMDatabaseQueue.h; sourceTree = "<group>"; };
		725B42BB1AB1CFEE006212BB /* FMDatabaseQueue.m */ = {isa = PBXFileReference; fileEncoding = 4; lastKnownFileType = sourcecode.c.objc; path = FMDatabaseQueue.m; sourceTree = "<group>"; };
		725B42BC1AB1CFEE006212BB /* FMDB.h */ = {isa = PBXFileReference; fileEncoding = 4; lastKnownFileType = sourcecode.c.h; path = FMDB.h; sourceTree = "<group>"; };
		725B42BD1AB1CFEE006212BB /* FMResultSet.h */ = {isa = PBXFileReference; fileEncoding = 4; lastKnownFileType = sourcecode.c.h; path = FMResultSet.h; sourceTree = "<group>"; };
		725B42BE1AB1CFEE006212BB /* FMResultSet.m */ = {isa = PBXFileReference; fileEncoding = 4; lastKnownFileType = sourcecode.c.objc; path = FMResultSet.m; sourceTree = "<group>"; };
		725B42C51AB1D138006212BB /* Managerdb.h */ = {isa = PBXFileReference; fileEncoding = 4; lastKnownFileType = sourcecode.c.h; path = Managerdb.h; sourceTree = "<group>"; };
		725B42C61AB1D138006212BB /* Managerdb.m */ = {isa = PBXFileReference; fileEncoding = 4; lastKnownFileType = sourcecode.c.objc; path = Managerdb.m; sourceTree = "<group>"; };
		725F15671A8D10BD00BD7E26 /* AssuntoViewController.h */ = {isa = PBXFileReference; fileEncoding = 4; lastKnownFileType = sourcecode.c.h; path = AssuntoViewController.h; sourceTree = "<group>"; };
		725F15681A8D10BD00BD7E26 /* AssuntoViewController.m */ = {isa = PBXFileReference; fileEncoding = 4; lastKnownFileType = sourcecode.c.objc; path = AssuntoViewController.m; sourceTree = "<group>"; };
		72766CF21A8BF2CA0064862F /* Quadro.app */ = {isa = PBXFileReference; explicitFileType = wrapper.application; includeInIndex = 0; path = Quadro.app; sourceTree = BUILT_PRODUCTS_DIR; };
		72766CF61A8BF2CA0064862F /* Info.plist */ = {isa = PBXFileReference; lastKnownFileType = text.plist.xml; path = Info.plist; sourceTree = "<group>"; };
		72766CF71A8BF2CA0064862F /* main.m */ = {isa = PBXFileReference; lastKnownFileType = sourcecode.c.objc; path = main.m; sourceTree = "<group>"; };
		72766CF91A8BF2CA0064862F /* AppDelegate.h */ = {isa = PBXFileReference; lastKnownFileType = sourcecode.c.h; path = AppDelegate.h; sourceTree = "<group>"; };
		72766CFA1A8BF2CA0064862F /* AppDelegate.m */ = {isa = PBXFileReference; lastKnownFileType = sourcecode.c.objc; path = AppDelegate.m; sourceTree = "<group>"; };
		72766CFD1A8BF2CA0064862F /* Quadro.xcdatamodel */ = {isa = PBXFileReference; lastKnownFileType = wrapper.xcdatamodel; path = Quadro.xcdatamodel; sourceTree = "<group>"; };
		72766D031A8BF2CA0064862F /* Base */ = {isa = PBXFileReference; lastKnownFileType = file.storyboard; name = Base; path = Base.lproj/Main.storyboard; sourceTree = "<group>"; };
		72766D051A8BF2CA0064862F /* Images.xcassets */ = {isa = PBXFileReference; lastKnownFileType = folder.assetcatalog; path = Images.xcassets; sourceTree = "<group>"; };
		72766D081A8BF2CA0064862F /* Base */ = {isa = PBXFileReference; lastKnownFileType = file.xib; name = Base; path = Base.lproj/LaunchScreen.xib; sourceTree = "<group>"; };
		72766D0E1A8BF2CA0064862F /* QuadroTests.xctest */ = {isa = PBXFileReference; explicitFileType = wrapper.cfbundle; includeInIndex = 0; path = QuadroTests.xctest; sourceTree = BUILT_PRODUCTS_DIR; };
		72766D131A8BF2CA0064862F /* Info.plist */ = {isa = PBXFileReference; lastKnownFileType = text.plist.xml; path = Info.plist; sourceTree = "<group>"; };
		72766D141A8BF2CA0064862F /* QuadroTests.m */ = {isa = PBXFileReference; lastKnownFileType = sourcecode.c.objc; path = QuadroTests.m; sourceTree = "<group>"; };
		72797B801ADFF96C006807F4 /* CoreData.framework */ = {isa = PBXFileReference; lastKnownFileType = wrapper.framework; name = CoreData.framework; path = System/Library/Frameworks/CoreData.framework; sourceTree = SDKROOT; };
		72797B841ADFFB74006807F4 /* GAI.h */ = {isa = PBXFileReference; fileEncoding = 4; lastKnownFileType = sourcecode.c.h; name = GAI.h; path = Library/GAI.h; sourceTree = "<group>"; };
		72797B851ADFFB74006807F4 /* GAIDictionaryBuilder.h */ = {isa = PBXFileReference; fileEncoding = 4; lastKnownFileType = sourcecode.c.h; name = GAIDictionaryBuilder.h; path = Library/GAIDictionaryBuilder.h; sourceTree = "<group>"; };
		72797B861ADFFB74006807F4 /* GAIEcommerceFields.h */ = {isa = PBXFileReference; fileEncoding = 4; lastKnownFileType = sourcecode.c.h; name = GAIEcommerceFields.h; path = Library/GAIEcommerceFields.h; sourceTree = "<group>"; };
		72797B871ADFFB74006807F4 /* GAIEcommerceProduct.h */ = {isa = PBXFileReference; fileEncoding = 4; lastKnownFileType = sourcecode.c.h; name = GAIEcommerceProduct.h; path = Library/GAIEcommerceProduct.h; sourceTree = "<group>"; };
		72797B881ADFFB74006807F4 /* GAIEcommerceProductAction.h */ = {isa = PBXFileReference; fileEncoding = 4; lastKnownFileType = sourcecode.c.h; name = GAIEcommerceProductAction.h; path = Library/GAIEcommerceProductAction.h; sourceTree = "<group>"; };
		72797B891ADFFB74006807F4 /* GAIEcommercePromotion.h */ = {isa = PBXFileReference; fileEncoding = 4; lastKnownFileType = sourcecode.c.h; name = GAIEcommercePromotion.h; path = Library/GAIEcommercePromotion.h; sourceTree = "<group>"; };
		72797B8A1ADFFB74006807F4 /* GAIFields.h */ = {isa = PBXFileReference; fileEncoding = 4; lastKnownFileType = sourcecode.c.h; name = GAIFields.h; path = Library/GAIFields.h; sourceTree = "<group>"; };
		72797B8B1ADFFB74006807F4 /* GAILogger.h */ = {isa = PBXFileReference; fileEncoding = 4; lastKnownFileType = sourcecode.c.h; name = GAILogger.h; path = Library/GAILogger.h; sourceTree = "<group>"; };
		72797B8C1ADFFB74006807F4 /* GAITrackedViewController.h */ = {isa = PBXFileReference; fileEncoding = 4; lastKnownFileType = sourcecode.c.h; name = GAITrackedViewController.h; path = Library/GAITrackedViewController.h; sourceTree = "<group>"; };
		72797B8D1ADFFB74006807F4 /* GAITracker.h */ = {isa = PBXFileReference; fileEncoding = 4; lastKnownFileType = sourcecode.c.h; name = GAITracker.h; path = Library/GAITracker.h; sourceTree = "<group>"; };
		72797B901ADFFD26006807F4 /* libz.dylib */ = {isa = PBXFileReference; lastKnownFileType = "compiled.mach-o.dylib"; name = libz.dylib; path = usr/lib/libz.dylib; sourceTree = SDKROOT; };
		72797B941ADFFF04006807F4 /* libGoogleAnalyticsServices.a */ = {isa = PBXFileReference; lastKnownFileType = archive.ar; path = libGoogleAnalyticsServices.a; sourceTree = "<group>"; };
		727B20501A9CFCA0005BA527 /* CustomCameraViewController.h */ = {isa = PBXFileReference; fileEncoding = 4; lastKnownFileType = sourcecode.c.h; path = CustomCameraViewController.h; sourceTree = "<group>"; };
		727B20511A9CFCA0005BA527 /* CustomCameraViewController.m */ = {isa = PBXFileReference; fileEncoding = 4; lastKnownFileType = sourcecode.c.objc; path = CustomCameraViewController.m; sourceTree = "<group>"; };
		7282062A1ABB56B000E99E3C /* ZoomImageViewController.h */ = {isa = PBXFileReference; fileEncoding = 4; lastKnownFileType = sourcecode.c.h; path = ZoomImageViewController.h; sourceTree = "<group>"; };
		7282062B1ABB56B000E99E3C /* ZoomImageViewController.m */ = {isa = PBXFileReference; fileEncoding = 4; lastKnownFileType = sourcecode.c.objc; path = ZoomImageViewController.m; sourceTree = "<group>"; };
		72838CF21AEA917900BA07A0 /* pt */ = {isa = PBXFileReference; lastKnownFileType = text.plist.strings; name = pt; path = pt.lproj/Main.strings; sourceTree = "<group>"; };
		72838CF31AEA917900BA07A0 /* pt */ = {isa = PBXFileReference; lastKnownFileType = text.plist.strings; name = pt; path = pt.lproj/LaunchScreen.strings; sourceTree = "<group>"; };
		72838CF51AEA919C00BA07A0 /* Base */ = {isa = PBXFileReference; lastKnownFileType = text.plist.strings; name = Base; path = Base.lproj/Localizable.strings; sourceTree = "<group>"; };
		72838CF71AEA91A500BA07A0 /* en */ = {isa = PBXFileReference; lastKnownFileType = text.plist.strings; name = en; path = en.lproj/Localizable.strings; sourceTree = "<group>"; };
		72838CF81AEA91A600BA07A0 /* pt */ = {isa = PBXFileReference; lastKnownFileType = text.plist.strings; name = pt; path = pt.lproj/Localizable.strings; sourceTree = "<group>"; };
		72838CFA1AEA930B00BA07A0 /* en */ = {isa = PBXFileReference; lastKnownFileType = text.plist.strings; name = en; path = en.lproj/Main.strings; sourceTree = "<group>"; };
		7294A0F91AFF904C0000ED10 /* SWRevealViewController.h */ = {isa = PBXFileReference; fileEncoding = 4; lastKnownFileType = sourcecode.c.h; path = SWRevealViewController.h; sourceTree = "<group>"; };
		7294A0FA1AFF904C0000ED10 /* SWRevealViewController.m */ = {isa = PBXFileReference; fileEncoding = 4; lastKnownFileType = sourcecode.c.objc; path = SWRevealViewController.m; sourceTree = "<group>"; };
		72A4329F1B1C12F300FEEC8B /* Materia.swift */ = {isa = PBXFileReference; fileEncoding = 4; lastKnownFileType = sourcecode.swift; path = Materia.swift; sourceTree = "<group>"; };
		72A432A11B1E6BE200FEEC8B /* Assunto.swift */ = {isa = PBXFileReference; fileEncoding = 4; lastKnownFileType = sourcecode.swift; path = Assunto.swift; sourceTree = "<group>"; };
		72A432A31B1E84B000FEEC8B /* FotoComAnotacao.swift */ = {isa = PBXFileReference; fileEncoding = 4; lastKnownFileType = sourcecode.swift; path = FotoComAnotacao.swift; sourceTree = "<group>"; };
		72A9BB6D1AA7475800899E2F /* libsqlite3.dylib */ = {isa = PBXFileReference; lastKnownFileType = "compiled.mach-o.dylib"; name = libsqlite3.dylib; path = usr/lib/libsqlite3.dylib; sourceTree = SDKROOT; };
		72DD9C641AE5B253004A86F2 /* OpenSans-Semibold.ttf */ = {isa = PBXFileReference; lastKnownFileType = file; name = "OpenSans-Semibold.ttf"; path = "../OpenSans-Semibold.ttf"; sourceTree = "<group>"; };
		72DD9C661AE5B283004A86F2 /* OpenSans-Light.ttf */ = {isa = PBXFileReference; lastKnownFileType = file; name = "OpenSans-Light.ttf"; path = "../OpenSans-Light.ttf"; sourceTree = "<group>"; };
		72DD9C681AE5B2EE004A86F2 /* axis.otf */ = {isa = PBXFileReference; lastKnownFileType = file; name = axis.otf; path = ../axis.otf; sourceTree = "<group>"; };
		72F26D911B01923200B14D4A /* Quadro-Bridging-Header.h */ = {isa = PBXFileReference; lastKnownFileType = sourcecode.c.h; path = "Quadro-Bridging-Header.h"; sourceTree = "<group>"; };
		72F26D941B01935300B14D4A /* AssuntoCell.swift */ = {isa = PBXFileReference; fileEncoding = 4; lastKnownFileType = sourcecode.swift; path = AssuntoCell.swift; sourceTree = "<group>"; };
		72F26D961B019EC700B14D4A /* FotosCell.swift */ = {isa = PBXFileReference; fileEncoding = 4; lastKnownFileType = sourcecode.swift; path = FotosCell.swift; sourceTree = "<group>"; };
		72F26D981B01A16800B14D4A /* PosCell.swift */ = {isa = PBXFileReference; fileEncoding = 4; lastKnownFileType = sourcecode.swift; path = PosCell.swift; sourceTree = "<group>"; };
		72F26D9A1B01A49900B14D4A /* MateriaVC.swift */ = {isa = PBXFileReference; fileEncoding = 4; lastKnownFileType = sourcecode.swift; path = MateriaVC.swift; sourceTree = "<group>"; };
/* End PBXFileReference section */

/* Begin PBXFrameworksBuildPhase section */
		72766CEF1A8BF2CA0064862F /* Frameworks */ = {
			isa = PBXFrameworksBuildPhase;
			buildActionMask = 2147483647;
			files = (
				72797B911ADFFD26006807F4 /* libz.dylib in Frameworks */,
				72797B811ADFF96C006807F4 /* CoreData.framework in Frameworks */,
				723866961AB8BB8200978D57 /* SystemConfiguration.framework in Frameworks */,
				723866941AB8BB6F00978D57 /* StoreKit.framework in Frameworks */,
				723866921AB8BB6500978D57 /* MessageUI.framework in Frameworks */,
				723866901AB8BB5700978D57 /* CoreGraphics.framework in Frameworks */,
				7238668E1AB8BB3E00978D57 /* AVFoundation.framework in Frameworks */,
				7238668C1AB8BB3300978D57 /* AudioToolbox.framework in Frameworks */,
				7238668A1AB8BB2A00978D57 /* AdSupport.framework in Frameworks */,
				723866881AB8AFFB00978D57 /* GoogleMobileAds.framework in Frameworks */,
				72A9BB6F1AA7485600899E2F /* libsqlite3.dylib in Frameworks */,
				72797B951ADFFF04006807F4 /* libGoogleAnalyticsServices.a in Frameworks */,
			);
			runOnlyForDeploymentPostprocessing = 0;
		};
		72766D0B1A8BF2CA0064862F /* Frameworks */ = {
			isa = PBXFrameworksBuildPhase;
			buildActionMask = 2147483647;
			files = (
			);
			runOnlyForDeploymentPostprocessing = 0;
		};
/* End PBXFrameworksBuildPhase section */

/* Begin PBXGroup section */
		725B42A11AB1CFDC006212BB /* extra */ = {
			isa = PBXGroup;
			children = (
				725B42A21AB1CFDC006212BB /* fts3 */,
				725B42A81AB1CFDC006212BB /* InMemoryOnDiskIO */,
			);
			path = extra;
			sourceTree = "<group>";
		};
		725B42A21AB1CFDC006212BB /* fts3 */ = {
			isa = PBXGroup;
			children = (
				725B42A31AB1CFDC006212BB /* FMDatabase+FTS3.h */,
				725B42A41AB1CFDC006212BB /* FMDatabase+FTS3.m */,
				725B42A51AB1CFDC006212BB /* FMTokenizers.h */,
				725B42A61AB1CFDC006212BB /* FMTokenizers.m */,
				725B42A71AB1CFDC006212BB /* fts3_tokenizer.h */,
			);
			path = fts3;
			sourceTree = "<group>";
		};
		725B42A81AB1CFDC006212BB /* InMemoryOnDiskIO */ = {
			isa = PBXGroup;
			children = (
				725B42A91AB1CFDC006212BB /* FMDatabase+InMemoryOnDiskIO.h */,
				725B42AA1AB1CFDC006212BB /* FMDatabase+InMemoryOnDiskIO.m */,
			);
			path = InMemoryOnDiskIO;
			sourceTree = "<group>";
		};
		725B42B31AB1CFEE006212BB /* fmdb */ = {
			isa = PBXGroup;
			children = (
				725B42B41AB1CFEE006212BB /* FMDatabase.h */,
				725B42B51AB1CFEE006212BB /* FMDatabase.m */,
				725B42B61AB1CFEE006212BB /* FMDatabaseAdditions.h */,
				725B42B71AB1CFEE006212BB /* FMDatabaseAdditions.m */,
				725B42B81AB1CFEE006212BB /* FMDatabasePool.h */,
				725B42B91AB1CFEE006212BB /* FMDatabasePool.m */,
				725B42BA1AB1CFEE006212BB /* FMDatabaseQueue.h */,
				725B42BB1AB1CFEE006212BB /* FMDatabaseQueue.m */,
				725B42BC1AB1CFEE006212BB /* FMDB.h */,
				725B42BD1AB1CFEE006212BB /* FMResultSet.h */,
				725B42BE1AB1CFEE006212BB /* FMResultSet.m */,
			);
			name = fmdb;
			path = extra/fmdb;
			sourceTree = "<group>";
		};
		725B42C41AB1D037006212BB /* more */ = {
			isa = PBXGroup;
			children = (
				725B42A11AB1CFDC006212BB /* extra */,
				725B42B31AB1CFEE006212BB /* fmdb */,
			);
			name = more;
			sourceTree = "<group>";
		};
		725F15591A8CC35A00BD7E26 /* model */ = {
			isa = PBXGroup;
			children = (
				72A4329F1B1C12F300FEEC8B /* Materia.swift */,
				72A432A11B1E6BE200FEEC8B /* Assunto.swift */,
				72A432A31B1E84B000FEEC8B /* FotoComAnotacao.swift */,
			);
			name = model;
			sourceTree = "<group>";
		};
		725F155A1A8CC39700BD7E26 /* interface */ = {
			isa = PBXGroup;
			children = (
				72766D021A8BF2CA0064862F /* Main.storyboard */,
				72766D071A8BF2CA0064862F /* LaunchScreen.xib */,
				72838CF61AEA919C00BA07A0 /* Localizable.strings */,
			);
			name = interface;
			sourceTree = "<group>";
		};
		725F155B1A8CC3BE00BD7E26 /* root */ = {
			isa = PBXGroup;
			children = (
				72766CF91A8BF2CA0064862F /* AppDelegate.h */,
				72766CFA1A8BF2CA0064862F /* AppDelegate.m */,
			);
			name = root;
			sourceTree = "<group>";
		};
		725F155C1A8CC3DA00BD7E26 /* controller */ = {
			isa = PBXGroup;
			children = (
				72F26D9A1B01A49900B14D4A /* MateriaVC.swift */,
				72376EE31B893FDF00DCC223 /* AssuntoVC.swift */,
				725F15671A8D10BD00BD7E26 /* AssuntoViewController.h */,
				725F15681A8D10BD00BD7E26 /* AssuntoViewController.m */,
				722F36751A9658D900B4B826 /* FotosViewController.h */,
				722F36761A9658D900B4B826 /* FotosViewController.m */,
				727B20501A9CFCA0005BA527 /* CustomCameraViewController.h */,
				727B20511A9CFCA0005BA527 /* CustomCameraViewController.m */,
				721ABFB41A8E263A0075377F /* PosCameraViewController.h */,
				721ABFB51A8E26440075377F /* PosCameraViewController.m */,
				7282062A1ABB56B000E99E3C /* ZoomImageViewController.h */,
				7282062B1ABB56B000E99E3C /* ZoomImageViewController.m */,
			);
			name = controller;
			sourceTree = "<group>";
		};
		725F155D1A8CC3F500BD7E26 /* singleton */ = {
			isa = PBXGroup;
			children = (
				725B42C51AB1D138006212BB /* Managerdb.h */,
				725B42C61AB1D138006212BB /* Managerdb.m */,
			);
			name = singleton;
			sourceTree = "<group>";
		};
		72766CE91A8BF2CA0064862F = {
			isa = PBXGroup;
			children = (
				72797B901ADFFD26006807F4 /* libz.dylib */,
				72797B801ADFF96C006807F4 /* CoreData.framework */,
				723866951AB8BB8200978D57 /* SystemConfiguration.framework */,
				723866931AB8BB6F00978D57 /* StoreKit.framework */,
				723866911AB8BB6500978D57 /* MessageUI.framework */,
				7238668F1AB8BB5700978D57 /* CoreGraphics.framework */,
				7238668D1AB8BB3E00978D57 /* AVFoundation.framework */,
				7238668B1AB8BB3300978D57 /* AudioToolbox.framework */,
				723866891AB8BB2A00978D57 /* AdSupport.framework */,
				72A9BB6D1AA7475800899E2F /* libsqlite3.dylib */,
				723866871AB8AFFB00978D57 /* GoogleMobileAds.framework */,
				72766CF41A8BF2CA0064862F /* Quadro */,
				72766D111A8BF2CA0064862F /* QuadroTests */,
				72766CF31A8BF2CA0064862F /* Products */,
			);
			sourceTree = "<group>";
		};
		72766CF31A8BF2CA0064862F /* Products */ = {
			isa = PBXGroup;
			children = (
				72766CF21A8BF2CA0064862F /* Quadro.app */,
				72766D0E1A8BF2CA0064862F /* QuadroTests.xctest */,
			);
			name = Products;
			sourceTree = "<group>";
		};
		72766CF41A8BF2CA0064862F /* Quadro */ = {
			isa = PBXGroup;
			children = (
				72F26D911B01923200B14D4A /* Quadro-Bridging-Header.h */,
				725F155D1A8CC3F500BD7E26 /* singleton */,
				725F15591A8CC35A00BD7E26 /* model */,
				725F155B1A8CC3BE00BD7E26 /* root */,
				72766D211A8D8BDD0064862F /* cell */,
				725F155C1A8CC3DA00BD7E26 /* controller */,
				725F155A1A8CC39700BD7E26 /* interface */,
				725B42C41AB1D037006212BB /* more */,
				72766D051A8BF2CA0064862F /* Images.xcassets */,
				72766CFC1A8BF2CA0064862F /* Quadro.xcdatamodeld */,
				72766CF51A8BF2CA0064862F /* Supporting Files */,
			);
			path = Quadro;
			sourceTree = "<group>";
		};
		72766CF51A8BF2CA0064862F /* Supporting Files */ = {
			isa = PBXGroup;
			children = (
				7294A0F91AFF904C0000ED10 /* SWRevealViewController.h */,
				7294A0FA1AFF904C0000ED10 /* SWRevealViewController.m */,
				72DD9C641AE5B253004A86F2 /* OpenSans-Semibold.ttf */,
				72DD9C661AE5B283004A86F2 /* OpenSans-Light.ttf */,
				72DD9C681AE5B2EE004A86F2 /* axis.otf */,
				72797B941ADFFF04006807F4 /* libGoogleAnalyticsServices.a */,
				72797B841ADFFB74006807F4 /* GAI.h */,
				72797B851ADFFB74006807F4 /* GAIDictionaryBuilder.h */,
				72797B861ADFFB74006807F4 /* GAIEcommerceFields.h */,
				72797B871ADFFB74006807F4 /* GAIEcommerceProduct.h */,
				72797B881ADFFB74006807F4 /* GAIEcommerceProductAction.h */,
				72797B891ADFFB74006807F4 /* GAIEcommercePromotion.h */,
				72797B8A1ADFFB74006807F4 /* GAIFields.h */,
				72797B8B1ADFFB74006807F4 /* GAILogger.h */,
				72797B8C1ADFFB74006807F4 /* GAITrackedViewController.h */,
				72797B8D1ADFFB74006807F4 /* GAITracker.h */,
				72766CF61A8BF2CA0064862F /* Info.plist */,
				72766CF71A8BF2CA0064862F /* main.m */,
			);
			name = "Supporting Files";
			sourceTree = "<group>";
		};
		72766D111A8BF2CA0064862F /* QuadroTests */ = {
			isa = PBXGroup;
			children = (
				72766D141A8BF2CA0064862F /* QuadroTests.m */,
				72766D121A8BF2CA0064862F /* Supporting Files */,
			);
			path = QuadroTests;
			sourceTree = "<group>";
		};
		72766D121A8BF2CA0064862F /* Supporting Files */ = {
			isa = PBXGroup;
			children = (
				72766D131A8BF2CA0064862F /* Info.plist */,
			);
			name = "Supporting Files";
			sourceTree = "<group>";
		};
		72766D211A8D8BDD0064862F /* cell */ = {
			isa = PBXGroup;
			children = (
				72F26D941B01935300B14D4A /* AssuntoCell.swift */,
				72F26D961B019EC700B14D4A /* FotosCell.swift */,
				72F26D981B01A16800B14D4A /* PosCell.swift */,
			);
			name = cell;
			sourceTree = "<group>";
		};
/* End PBXGroup section */

/* Begin PBXNativeTarget section */
		72766CF11A8BF2CA0064862F /* Quadro */ = {
			isa = PBXNativeTarget;
			buildConfigurationList = 72766D181A8BF2CA0064862F /* Build configuration list for PBXNativeTarget "Quadro" */;
			buildPhases = (
				72766CEE1A8BF2CA0064862F /* Sources */,
				72766CEF1A8BF2CA0064862F /* Frameworks */,
				72766CF01A8BF2CA0064862F /* Resources */,
			);
			buildRules = (
			);
			dependencies = (
			);
			name = Quadro;
			productName = Quadro;
			productReference = 72766CF21A8BF2CA0064862F /* Quadro.app */;
			productType = "com.apple.product-type.application";
		};
		72766D0D1A8BF2CA0064862F /* QuadroTests */ = {
			isa = PBXNativeTarget;
			buildConfigurationList = 72766D1B1A8BF2CA0064862F /* Build configuration list for PBXNativeTarget "QuadroTests" */;
			buildPhases = (
				72766D0A1A8BF2CA0064862F /* Sources */,
				72766D0B1A8BF2CA0064862F /* Frameworks */,
				72766D0C1A8BF2CA0064862F /* Resources */,
			);
			buildRules = (
			);
			dependencies = (
				72766D101A8BF2CA0064862F /* PBXTargetDependency */,
			);
			name = QuadroTests;
			productName = QuadroTests;
			productReference = 72766D0E1A8BF2CA0064862F /* QuadroTests.xctest */;
			productType = "com.apple.product-type.bundle.unit-test";
		};
/* End PBXNativeTarget section */

/* Begin PBXProject section */
		72766CEA1A8BF2CA0064862F /* Project object */ = {
			isa = PBXProject;
			attributes = {
				LastUpgradeCheck = 0610;
				ORGANIZATIONNAME = "LUIZ ILHA M MACIEL";
				TargetAttributes = {
					72766CF11A8BF2CA0064862F = {
						CreatedOnToolsVersion = 6.1.1;
						DevelopmentTeam = D8L672K4S5;
					};
					72766D0D1A8BF2CA0064862F = {
						CreatedOnToolsVersion = 6.1.1;
						TestTargetID = 72766CF11A8BF2CA0064862F;
					};
				};
			};
			buildConfigurationList = 72766CED1A8BF2CA0064862F /* Build configuration list for PBXProject "Quadro" */;
			compatibilityVersion = "Xcode 3.2";
			developmentRegion = English;
			hasScannedForEncodings = 0;
			knownRegions = (
				en,
				Base,
				pt,
			);
			mainGroup = 72766CE91A8BF2CA0064862F;
			productRefGroup = 72766CF31A8BF2CA0064862F /* Products */;
			projectDirPath = "";
			projectRoot = "";
			targets = (
				72766CF11A8BF2CA0064862F /* Quadro */,
				72766D0D1A8BF2CA0064862F /* QuadroTests */,
			);
		};
/* End PBXProject section */

/* Begin PBXResourcesBuildPhase section */
		72766CF01A8BF2CA0064862F /* Resources */ = {
			isa = PBXResourcesBuildPhase;
			buildActionMask = 2147483647;
			files = (
				72DD9C651AE5B253004A86F2 /* OpenSans-Semibold.ttf in Resources */,
				72766D041A8BF2CA0064862F /* Main.storyboard in Resources */,
				72766D091A8BF2CA0064862F /* LaunchScreen.xib in Resources */,
				72838CF41AEA919C00BA07A0 /* Localizable.strings in Resources */,
				72DD9C671AE5B283004A86F2 /* OpenSans-Light.ttf in Resources */,
				72DD9C691AE5B2EE004A86F2 /* axis.otf in Resources */,
				72766D061A8BF2CA0064862F /* Images.xcassets in Resources */,
			);
			runOnlyForDeploymentPostprocessing = 0;
		};
		72766D0C1A8BF2CA0064862F /* Resources */ = {
			isa = PBXResourcesBuildPhase;
			buildActionMask = 2147483647;
			files = (
			);
			runOnlyForDeploymentPostprocessing = 0;
		};
/* End PBXResourcesBuildPhase section */

/* Begin PBXSourcesBuildPhase section */
		72766CEE1A8BF2CA0064862F /* Sources */ = {
			isa = PBXSourcesBuildPhase;
			buildActionMask = 2147483647;
			files = (
				725B42C71AB1D138006212BB /* Managerdb.m in Sources */,
				72F26D971B019EC700B14D4A /* FotosCell.swift in Sources */,
				72A432A41B1E84B000FEEC8B /* FotoComAnotacao.swift in Sources */,
				725B42BF1AB1CFEE006212BB /* FMDatabase.m in Sources */,
				725B42B01AB1CFDC006212BB /* FMDatabase+InMemoryOnDiskIO.m in Sources */,
				7282062C1ABB56B000E99E3C /* ZoomImageViewController.m in Sources */,
				72376EE41B893FDF00DCC223 /* AssuntoVC.swift in Sources */,
				725B42C11AB1CFEE006212BB /* FMDatabasePool.m in Sources */,
				725B42C31AB1CFEE006212BB /* FMResultSet.m in Sources */,
				725B42C01AB1CFEE006212BB /* FMDatabaseAdditions.m in Sources */,
				72A432A01B1C12F300FEEC8B /* Materia.swift in Sources */,
				722F36771A9658D900B4B826 /* FotosViewController.m in Sources */,
				72F26D991B01A16800B14D4A /* PosCell.swift in Sources */,
				72F26D9B1B01A49900B14D4A /* MateriaVC.swift in Sources */,
				7294A0FB1AFF904C0000ED10 /* SWRevealViewController.m in Sources */,
				72F26D951B01935300B14D4A /* AssuntoCell.swift in Sources */,
				725F15691A8D10BD00BD7E26 /* AssuntoViewController.m in Sources */,
				721ABFB61A8E26440075377F /* PosCameraViewController.m in Sources */,
				725B42C21AB1CFEE006212BB /* FMDatabaseQueue.m in Sources */,
				72766CFB1A8BF2CA0064862F /* AppDelegate.m in Sources */,
				72766CFE1A8BF2CA0064862F /* Quadro.xcdatamodeld in Sources */,
				725B42AE1AB1CFDC006212BB /* FMDatabase+FTS3.m in Sources */,
				725B42AF1AB1CFDC006212BB /* FMTokenizers.m in Sources */,
				72766CF81A8BF2CA0064862F /* main.m in Sources */,
				727B20521A9CFCA0005BA527 /* CustomCameraViewController.m in Sources */,
				72A432A21B1E6BE200FEEC8B /* Assunto.swift in Sources */,
			);
			runOnlyForDeploymentPostprocessing = 0;
		};
		72766D0A1A8BF2CA0064862F /* Sources */ = {
			isa = PBXSourcesBuildPhase;
			buildActionMask = 2147483647;
			files = (
				72766D151A8BF2CA0064862F /* QuadroTests.m in Sources */,
			);
			runOnlyForDeploymentPostprocessing = 0;
		};
/* End PBXSourcesBuildPhase section */

/* Begin PBXTargetDependency section */
		72766D101A8BF2CA0064862F /* PBXTargetDependency */ = {
			isa = PBXTargetDependency;
			target = 72766CF11A8BF2CA0064862F /* Quadro */;
			targetProxy = 72766D0F1A8BF2CA0064862F /* PBXContainerItemProxy */;
		};
/* End PBXTargetDependency section */

/* Begin PBXVariantGroup section */
		72766D021A8BF2CA0064862F /* Main.storyboard */ = {
			isa = PBXVariantGroup;
			children = (
				72766D031A8BF2CA0064862F /* Base */,
				72838CF21AEA917900BA07A0 /* pt */,
				72838CFA1AEA930B00BA07A0 /* en */,
			);
			name = Main.storyboard;
			sourceTree = "<group>";
		};
		72766D071A8BF2CA0064862F /* LaunchScreen.xib */ = {
			isa = PBXVariantGroup;
			children = (
				72766D081A8BF2CA0064862F /* Base */,
				72838CF31AEA917900BA07A0 /* pt */,
			);
			name = LaunchScreen.xib;
			sourceTree = "<group>";
		};
		72838CF61AEA919C00BA07A0 /* Localizable.strings */ = {
			isa = PBXVariantGroup;
			children = (
				72838CF51AEA919C00BA07A0 /* Base */,
				72838CF71AEA91A500BA07A0 /* en */,
				72838CF81AEA91A600BA07A0 /* pt */,
			);
			name = Localizable.strings;
			sourceTree = "<group>";
		};
/* End PBXVariantGroup section */

/* Begin XCBuildConfiguration section */
		72766D161A8BF2CA0064862F /* Debug */ = {
			isa = XCBuildConfiguration;
			buildSettings = {
				ALWAYS_SEARCH_USER_PATHS = NO;
				CLANG_CXX_LANGUAGE_STANDARD = "gnu++0x";
				CLANG_CXX_LIBRARY = "libc++";
				CLANG_ENABLE_MODULES = YES;
				CLANG_ENABLE_OBJC_ARC = YES;
				CLANG_WARN_BOOL_CONVERSION = YES;
				CLANG_WARN_CONSTANT_CONVERSION = YES;
				CLANG_WARN_DIRECT_OBJC_ISA_USAGE = YES_ERROR;
				CLANG_WARN_EMPTY_BODY = YES;
				CLANG_WARN_ENUM_CONVERSION = YES;
				CLANG_WARN_INT_CONVERSION = YES;
				CLANG_WARN_OBJC_ROOT_CLASS = YES_ERROR;
				CLANG_WARN_UNREACHABLE_CODE = YES;
				CLANG_WARN__DUPLICATE_METHOD_MATCH = YES;
				"CODE_SIGN_IDENTITY[sdk=iphoneos*]" = "iPhone Developer";
				COPY_PHASE_STRIP = NO;
				ENABLE_STRICT_OBJC_MSGSEND = YES;
				GCC_C_LANGUAGE_STANDARD = gnu99;
				GCC_DYNAMIC_NO_PIC = NO;
				GCC_OPTIMIZATION_LEVEL = 0;
				GCC_PREPROCESSOR_DEFINITIONS = (
					"DEBUG=1",
					"$(inherited)",
				);
				GCC_SYMBOLS_PRIVATE_EXTERN = NO;
				GCC_WARN_64_TO_32_BIT_CONVERSION = YES;
				GCC_WARN_ABOUT_RETURN_TYPE = YES_ERROR;
				GCC_WARN_UNDECLARED_SELECTOR = YES;
				GCC_WARN_UNINITIALIZED_AUTOS = YES_AGGRESSIVE;
				GCC_WARN_UNUSED_FUNCTION = YES;
				GCC_WARN_UNUSED_VARIABLE = YES;
				IPHONEOS_DEPLOYMENT_TARGET = 8.0;
				MTL_ENABLE_DEBUG_INFO = YES;
				ONLY_ACTIVE_ARCH = YES;
				OTHER_LDFLAGS = "-ObjC";
				SDKROOT = iphoneos;
				SWIFT_OPTIMIZATION_LEVEL = "-O";
				TARGETED_DEVICE_FAMILY = "1,2";
			};
			name = Debug;
		};
		72766D171A8BF2CA0064862F /* Release */ = {
			isa = XCBuildConfiguration;
			buildSettings = {
				ALWAYS_SEARCH_USER_PATHS = NO;
				CLANG_CXX_LANGUAGE_STANDARD = "gnu++0x";
				CLANG_CXX_LIBRARY = "libc++";
				CLANG_ENABLE_MODULES = YES;
				CLANG_ENABLE_OBJC_ARC = YES;
				CLANG_WARN_BOOL_CONVERSION = YES;
				CLANG_WARN_CONSTANT_CONVERSION = YES;
				CLANG_WARN_DIRECT_OBJC_ISA_USAGE = YES_ERROR;
				CLANG_WARN_EMPTY_BODY = YES;
				CLANG_WARN_ENUM_CONVERSION = YES;
				CLANG_WARN_INT_CONVERSION = YES;
				CLANG_WARN_OBJC_ROOT_CLASS = YES_ERROR;
				CLANG_WARN_UNREACHABLE_CODE = YES;
				CLANG_WARN__DUPLICATE_METHOD_MATCH = YES;
				"CODE_SIGN_IDENTITY[sdk=iphoneos*]" = "iPhone Developer";
				COPY_PHASE_STRIP = YES;
				ENABLE_NS_ASSERTIONS = NO;
				ENABLE_STRICT_OBJC_MSGSEND = YES;
				GCC_C_LANGUAGE_STANDARD = gnu99;
				GCC_WARN_64_TO_32_BIT_CONVERSION = YES;
				GCC_WARN_ABOUT_RETURN_TYPE = YES_ERROR;
				GCC_WARN_UNDECLARED_SELECTOR = YES;
				GCC_WARN_UNINITIALIZED_AUTOS = YES_AGGRESSIVE;
				GCC_WARN_UNUSED_FUNCTION = YES;
				GCC_WARN_UNUSED_VARIABLE = YES;
				IPHONEOS_DEPLOYMENT_TARGET = 8.0;
				MTL_ENABLE_DEBUG_INFO = NO;
				OTHER_LDFLAGS = "-ObjC";
				SDKROOT = iphoneos;
				SWIFT_OPTIMIZATION_LEVEL = "-O";
				TARGETED_DEVICE_FAMILY = "1,2";
				VALIDATE_PRODUCT = YES;
			};
			name = Release;
		};
		72766D191A8BF2CA0064862F /* Debug */ = {
			isa = XCBuildConfiguration;
			buildSettings = {
				ASSETCATALOG_COMPILER_APPICON_NAME = AppIcon;
				CLANG_ENABLE_MODULES = YES;
				CODE_SIGN_IDENTITY = "iPhone Developer";
				"CODE_SIGN_IDENTITY[sdk=iphoneos*]" = "iPhone Developer";
				FRAMEWORK_SEARCH_PATHS = (
					"$(inherited)",
					"$(PROJECT_DIR)",
				);
				INFOPLIST_FILE = Quadro/Info.plist;
				IPHONEOS_DEPLOYMENT_TARGET = 8.0;
				LD_RUNPATH_SEARCH_PATHS = "$(inherited) @executable_path/Frameworks";
				LIBRARY_SEARCH_PATHS = (
					"$(inherited)",
					/Users/luizilha/Downloads/GoogleAnalyticsServicesiOS_3.08,
					"$(PROJECT_DIR)/Quadro/Library",
					"$(PROJECT_DIR)/Quadro",
				);
				PRODUCT_NAME = "$(TARGET_NAME)";
				PROVISIONING_PROFILE = "";
				SWIFT_OBJC_BRIDGING_HEADER = "Quadro/Quadro-Bridging-Header.h";
				SWIFT_OPTIMIZATION_LEVEL = "-Onone";
				TARGETED_DEVICE_FAMILY = 1;
			};
			name = Debug;
		};
		72766D1A1A8BF2CA0064862F /* Release */ = {
			isa = XCBuildConfiguration;
			buildSettings = {
				ASSETCATALOG_COMPILER_APPICON_NAME = AppIcon;
				CLANG_ENABLE_MODULES = YES;
				CODE_SIGN_IDENTITY = "iPhone Developer";
				"CODE_SIGN_IDENTITY[sdk=iphoneos*]" = "iPhone Developer";
				FRAMEWORK_SEARCH_PATHS = (
					"$(inherited)",
					"$(PROJECT_DIR)",
				);
				INFOPLIST_FILE = Quadro/Info.plist;
				IPHONEOS_DEPLOYMENT_TARGET = 8.0;
				LD_RUNPATH_SEARCH_PATHS = "$(inherited) @executable_path/Frameworks";
				LIBRARY_SEARCH_PATHS = (
					"$(inherited)",
					/Users/luizilha/Downloads/GoogleAnalyticsServicesiOS_3.08,
					"$(PROJECT_DIR)/Quadro/Library",
					"$(PROJECT_DIR)/Quadro",
				);
				PRODUCT_NAME = "$(TARGET_NAME)";
				PROVISIONING_PROFILE = "";
				SWIFT_OBJC_BRIDGING_HEADER = "Quadro/Quadro-Bridging-Header.h";
				TARGETED_DEVICE_FAMILY = 1;
			};
			name = Release;
		};
		72766D1C1A8BF2CA0064862F /* Debug */ = {
			isa = XCBuildConfiguration;
			buildSettings = {
				BUNDLE_LOADER = "$(TEST_HOST)";
				FRAMEWORK_SEARCH_PATHS = (
					"$(SDKROOT)/Developer/Library/Frameworks",
					"$(inherited)",
				);
				GCC_PREPROCESSOR_DEFINITIONS = (
					"DEBUG=1",
					"$(inherited)",
				);
				INFOPLIST_FILE = QuadroTests/Info.plist;
				LD_RUNPATH_SEARCH_PATHS = "$(inherited) @executable_path/Frameworks @loader_path/Frameworks";
				PRODUCT_NAME = "$(TARGET_NAME)";
				TEST_HOST = "$(BUILT_PRODUCTS_DIR)/Quadro.app/Quadro";
			};
			name = Debug;
		};
		72766D1D1A8BF2CA0064862F /* Release */ = {
			isa = XCBuildConfiguration;
			buildSettings = {
				BUNDLE_LOADER = "$(TEST_HOST)";
				FRAMEWORK_SEARCH_PATHS = (
					"$(SDKROOT)/Developer/Library/Frameworks",
					"$(inherited)",
				);
				INFOPLIST_FILE = QuadroTests/Info.plist;
				LD_RUNPATH_SEARCH_PATHS = "$(inherited) @executable_path/Frameworks @loader_path/Frameworks";
				PRODUCT_NAME = "$(TARGET_NAME)";
				TEST_HOST = "$(BUILT_PRODUCTS_DIR)/Quadro.app/Quadro";
			};
			name = Release;
		};
/* End XCBuildConfiguration section */

/* Begin XCConfigurationList section */
		72766CED1A8BF2CA0064862F /* Build configuration list for PBXProject "Quadro" */ = {
			isa = XCConfigurationList;
			buildConfigurations = (
				72766D161A8BF2CA0064862F /* Debug */,
				72766D171A8BF2CA0064862F /* Release */,
			);
			defaultConfigurationIsVisible = 0;
			defaultConfigurationName = Release;
		};
		72766D181A8BF2CA0064862F /* Build configuration list for PBXNativeTarget "Quadro" */ = {
			isa = XCConfigurationList;
			buildConfigurations = (
				72766D191A8BF2CA0064862F /* Debug */,
				72766D1A1A8BF2CA0064862F /* Release */,
			);
			defaultConfigurationIsVisible = 0;
			defaultConfigurationName = Release;
		};
		72766D1B1A8BF2CA0064862F /* Build configuration list for PBXNativeTarget "QuadroTests" */ = {
			isa = XCConfigurationList;
			buildConfigurations = (
				72766D1C1A8BF2CA0064862F /* Debug */,
				72766D1D1A8BF2CA0064862F /* Release */,
			);
			defaultConfigurationIsVisible = 0;
			defaultConfigurationName = Release;
		};
/* End XCConfigurationList section */

/* Begin XCVersionGroup section */
		72766CFC1A8BF2CA0064862F /* Quadro.xcdatamodeld */ = {
			isa = XCVersionGroup;
			children = (
				72766CFD1A8BF2CA0064862F /* Quadro.xcdatamodel */,
			);
			currentVersion = 72766CFD1A8BF2CA0064862F /* Quadro.xcdatamodel */;
			path = Quadro.xcdatamodeld;
			sourceTree = "<group>";
			versionGroupType = wrapper.xcdatamodel;
		};
/* End XCVersionGroup section */
	};
	rootObject = 72766CEA1A8BF2CA0064862F /* Project object */;
}
